
Microsoft Visual Studio Solution File, Format Version 12.00
# Visual Studio 15
VisualStudioVersion = 15.0.28307.489
MinimumVisualStudioVersion = 10.0.40219.1
Project("{FAE04EC0-301F-11D3-BF4B-00C04F79EFBC}") = "ContactsMvcApp", "ContactsMvcApp\ContactsMvcApp.csproj", "{A9889961-5D06-4A03-8AB8-B5FC0AEDAEBF}"
EndProject
Global
	GlobalSection(SolutionConfigurationPlatforms) = preSolution
		Debug|Any CPU = Debug|Any CPU
		Release|Any CPU = Release|Any CPU
	EndGlobalSection
	GlobalSection(ProjectConfigurationPlatforms) = postSolution
		{A9889961-5D06-4A03-8AB8-B5FC0AEDAEBF}.Debug|Any CPU.ActiveCfg = Debug|Any CPU
		{A9889961-5D06-4A03-8AB8-B5FC0AEDAEBF}.Debug|Any CPU.Build.0 = Debug|Any CPU
		{A9889961-5D06-4A03-8AB8-B5FC0AEDAEBF}.Release|Any CPU.ActiveCfg = Release|Any CPU
		{A9889961-5D06-4A03-8AB8-B5FC0AEDAEBF}.Release|Any CPU.Build.0 = Release|Any CPU
	EndGlobalSection
	GlobalSection(SolutionProperties) = preSolution
		HideSolutionNode = FALSE
	EndGlobalSection
	GlobalSection(ExtensibilityGlobals) = postSolution
		SolutionGuid = {22403C59-D7BD-4837-AD1C-649BC53454D4}
	EndGlobalSection
EndGlobal
