
Microsoft Visual Studio Solution File, Format Version 12.00
# Visual Studio 15
VisualStudioVersion = 15.0.28307.489
MinimumVisualStudioVersion = 10.0.40219.1
Project("{FAE04EC0-301F-11D3-BF4B-00C04F79EFBC}") = "MvcSecurityDemo", "MvcSecurityDemo\MvcSecurityDemo.csproj", "{6FF23562-1FB9-46BC-ACCA-6BF709374BCD}"
EndProject
Global
	GlobalSection(SolutionConfigurationPlatforms) = preSolution
		Debug|Any CPU = Debug|Any CPU
		Release|Any CPU = Release|Any CPU
	EndGlobalSection
	GlobalSection(ProjectConfigurationPlatforms) = postSolution
		{6FF23562-1FB9-46BC-ACCA-6BF709374BCD}.Debug|Any CPU.ActiveCfg = Debug|Any CPU
		{6FF23562-1FB9-46BC-ACCA-6BF709374BCD}.Debug|Any CPU.Build.0 = Debug|Any CPU
		{6FF23562-1FB9-46BC-ACCA-6BF709374BCD}.Release|Any CPU.ActiveCfg = Release|Any CPU
		{6FF23562-1FB9-46BC-ACCA-6BF709374BCD}.Release|Any CPU.Build.0 = Release|Any CPU
	EndGlobalSection
	GlobalSection(SolutionProperties) = preSolution
		HideSolutionNode = FALSE
	EndGlobalSection
	GlobalSection(ExtensibilityGlobals) = postSolution
		SolutionGuid = {DC128E70-899B-436B-9133-AB565DFAB62C}
	EndGlobalSection
EndGlobal
